
Microsoft Visual Studio Solution File, Format Version 12.00
# Visual Studio Version 16
VisualStudioVersion = 16.0.29920.165
MinimumVisualStudioVersion = 10.0.40219.1
Project("{FAE04EC0-301F-11D3-BF4B-00C04F79EFBC}") = "QuanLyBanHang", "QuanLyBanHang\QuanLyBanHang.csproj", "{EFC01A82-7548-42D5-846C-D08FD0F75299}"
EndProject
Global
	GlobalSection(SolutionConfigurationPlatforms) = preSolution
		Debug|Any CPU = Debug|Any CPU
		Release|Any CPU = Release|Any CPU
	EndGlobalSection
	GlobalSection(ProjectConfigurationPlatforms) = postSolution
		{EFC01A82-7548-42D5-846C-D08FD0F75299}.Debug|Any CPU.ActiveCfg = Debug|Any CPU
		{EFC01A82-7548-42D5-846C-D08FD0F75299}.Debug|Any CPU.Build.0 = Debug|Any CPU
		{EFC01A82-7548-42D5-846C-D08FD0F75299}.Release|Any CPU.ActiveCfg = Release|Any CPU
		{EFC01A82-7548-42D5-846C-D08FD0F75299}.Release|Any CPU.Build.0 = Release|Any CPU
	EndGlobalSection
	GlobalSection(SolutionProperties) = preSolution
		HideSolutionNode = FALSE
	EndGlobalSection
	GlobalSection(ExtensibilityGlobals) = postSolution
		SolutionGuid = {63FFFEB2-3F5A-48D0-A133-01AAE23D74AC}
	EndGlobalSection
EndGlobal
